<?xml version="1.0" encoding="utf-8"?>
<Project ToolsVersion="4.0" xmlns="http://schemas.microsoft.com/developer/msbuild/2003">
  <ItemGroup>
    <Filter Include="Source Files">
      <UniqueIdentifier>{4FC737F1-C7A5-4376-A066-2A32D752A2FF}</UniqueIdentifier>
      <Extensions>cpp;c;cc;cxx;def;odl;idl;hpj;bat;asm;asmx</Extensions>
    </Filter>
    <Filter Include="Header Files">
      <UniqueIdentifier>{93995380-89BD-4b04-88EB-625FBE52EBFB}</UniqueIdentifier>
      <Extensions>h;hh;hpp;hxx;hm;inl;inc;ipp;xsd</Extensions>
    </Filter>
    <Filter Include="Resource Files">
      <UniqueIdentifier>{67DA6AB6-F800-4c08-8B7A-83BB121AAD01}</UniqueIdentifier>
      <Extensions>rc;ico;cur;bmp;dlg;rc2;rct;bin;rgs;gif;jpg;jpeg;jpe;resx;tiff;tif;png;wav;mfcribbon-ms</Extensions>
    </Filter>
    <Filter Include="Header Files\Systems">
      <UniqueIdentifier>{cd940ed4-9bc9-4d30-967e-ebb743d22900}</UniqueIdentifier>
    </Filter>
    <Filter Include="Header Files\DataTypes">
      <UniqueIdentifier>{d836378f-ba24-4034-a81d-019f910ed6e2}</UniqueIdentifier>
    </Filter>
    <Filter Include="Source Files\DataTypes">
      <UniqueIdentifier>{8fa6cc8d-c13a-440d-ae3f-9dc214f083ca}</UniqueIdentifier>
    </Filter>
    <Filter Include="Header Files\Game">
      <UniqueIdentifier>{6c1407b6-7b6c-4ae0-bc76-e8ae980b01d7}</UniqueIdentifier>
    </Filter>
    <Filter Include="Source Files\Game">
      <UniqueIdentifier>{f1b35ac5-4907-4683-85aa-4ebfff49f1e0}</UniqueIdentifier>
    </Filter>
  </ItemGroup>
  <ItemGroup>
    <ClCompile Include="main.cpp">
      <Filter>Source Files</Filter>
    </ClCompile>
    <ClCompile Include="Game.cpp">
      <Filter>Source Files\Game</Filter>
    </ClCompile>
    <ClCompile Include="Coords.cpp">
      <Filter>Source Files</Filter>
    </ClCompile>
  </ItemGroup>
  <ItemGroup>
    <ClInclude Include="Color.h">
      <Filter>Header Files\DataTypes</Filter>
    </ClInclude>
    <ClInclude Include="Game.h">
      <Filter>Header Files\Game</Filter>
    </ClInclude>
    <ClInclude Include="KeyCode.h">
      <Filter>Header Files\Systems</Filter>
    </ClInclude>
    <ClInclude Include="Coords.h">
      <Filter>Header Files\Game</Filter>
    </ClInclude>
    <ClInclude Include="SDL_Resources.h">
      <Filter>Source Files</Filter>
    </ClInclude>
    <ClInclude Include="Constants.h">
      <Filter>Header Files\Game</Filter>
    </ClInclude>
    <ClInclude Include="UpdateTimer.h">
      <Filter>Header Files</Filter>
    </ClInclude>
  </ItemGroup>
</Project>